lockfileVersion: '6.0'

settings:
  autoInstallPeers: false
  excludeLinksFromLockfile: false

importers:

  .: {}

  ../../packages/electron-main: {}

  ../../packages/node-server: {}

  ../../packages/react-render: {}

  ../../packages/vue-render: {}

  ../../toolchain/deveco: {}

  ../../toolchain/rsbuild-electron-dev-plugin: {}

  ../../toolchain/tsconfig: {}
